
Microsoft Visual Studio Solution File, Format Version 12.00
# Visual Studio Version 17
VisualStudioVersion = 17.6.33723.286
MinimumVisualStudioVersion = 10.0.40219.1
Project("{FAE04EC0-301F-11D3-BF4B-00C04F79EFBC}") = "Sétimo-Projeto-Em-C#", "Sétimo-Projeto-Em-C#\Sétimo-Projeto-Em-C#.csproj", "{1CFBE5E1-C07F-405F-BDC0-700F646FE1CF}"
EndProject
Global
	GlobalSection(SolutionConfigurationPlatforms) = preSolution
		Debug|Any CPU = Debug|Any CPU
		Release|Any CPU = Release|Any CPU
	EndGlobalSection
	GlobalSection(ProjectConfigurationPlatforms) = postSolution
		{1CFBE5E1-C07F-405F-BDC0-700F646FE1CF}.Debug|Any CPU.ActiveCfg = Debug|Any CPU
		{1CFBE5E1-C07F-405F-BDC0-700F646FE1CF}.Debug|Any CPU.Build.0 = Debug|Any CPU
		{1CFBE5E1-C07F-405F-BDC0-700F646FE1CF}.Release|Any CPU.ActiveCfg = Release|Any CPU
		{1CFBE5E1-C07F-405F-BDC0-700F646FE1CF}.Release|Any CPU.Build.0 = Release|Any CPU
	EndGlobalSection
	GlobalSection(SolutionProperties) = preSolution
		HideSolutionNode = FALSE
	EndGlobalSection
	GlobalSection(ExtensibilityGlobals) = postSolution
		SolutionGuid = {BC79281A-4B39-4B08-B776-6E56F38BB1EA}
	EndGlobalSection
EndGlobal
